// !$*UTF8*$!
{
	archiveVersion = 1;
	classes = {
	};
	objectVersion = 46;
	objects = {

/* Begin PBXBuildFile section */
		6E2B790B21A7B81100F6EC2C /* AppDelegate.swift in Sources */ = {isa = PBXBuildFile; fileRef = 6E2B790A21A7B81100F6EC2C /* AppDelegate.swift */; };
		6E2B790D21A7B81100F6EC2C /* ViewController.swift in Sources */ = {isa = PBXBuildFile; fileRef = 6E2B790C21A7B81100F6EC2C /* ViewController.swift */; };
		6E2B791021A7B81100F6EC2C /* Main.storyboard in Resources */ = {isa = PBXBuildFile; fileRef = 6E2B790E21A7B81100F6EC2C /* Main.storyboard */; };
		6E2B791221A7B81100F6EC2C /* Assets.xcassets in Resources */ = {isa = PBXBuildFile; fileRef = 6E2B791121A7B81100F6EC2C /* Assets.xcassets */; };
		6E2B791521A7B81100F6EC2C /* LaunchScreen.storyboard in Resources */ = {isa = PBXBuildFile; fileRef = 6E2B791321A7B81100F6EC2C /* LaunchScreen.storyboard */; };
		6E2B792521A7BA9A00F6EC2C /* KeyboardViewController.swift in Sources */ = {isa = PBXBuildFile; fileRef = 6E2B792421A7BA9A00F6EC2C /* KeyboardViewController.swift */; };
		6E2B792921A7BA9A00F6EC2C /* Opt IME.appex in Embed App Extensions */ = {isa = PBXBuildFile; fileRef = 6E2B792221A7BA9A00F6EC2C /* Opt IME.appex */; settings = {ATTRIBUTES = (RemoveHeadersOnCopy, ); }; };
		6E2B793221A7E55300F6EC2C /* KeyboardView.xib in Resources */ = {isa = PBXBuildFile; fileRef = 6E2B793121A7E55300F6EC2C /* KeyboardView.xib */; };
		6EF4EADE21AA05F8008C173C /* KeyboardModel.swift in Sources */ = {isa = PBXBuildFile; fileRef = 6EF4EADD21AA05F8008C173C /* KeyboardModel.swift */; };
/* End PBXBuildFile section */

/* Begin PBXContainerItemProxy section */
		6E2B792721A7BA9A00F6EC2C /* PBXContainerItemProxy */ = {
			isa = PBXContainerItemProxy;
			containerPortal = 6E2B78FF21A7B81000F6EC2C /* Project object */;
			proxyType = 1;
			remoteGlobalIDString = 6E2B792121A7BA9A00F6EC2C;
			remoteInfo = "Opt IME";
		};
/* End PBXContainerItemProxy section */

/* Begin PBXCopyFilesBuildPhase section */
		6E2B792D21A7BA9A00F6EC2C /* Embed App Extensions */ = {
			isa = PBXCopyFilesBuildPhase;
			buildActionMask = 2147483647;
			dstPath = "";
			dstSubfolderSpec = 13;
			files = (
				6E2B792921A7BA9A00F6EC2C /* Opt IME.appex in Embed App Extensions */,
			);
			name = "Embed App Extensions";
			runOnlyForDeploymentPostprocessing = 0;
		};
/* End PBXCopyFilesBuildPhase section */

/* Begin PBXFileReference section */
		6E2B790721A7B81100F6EC2C /* ContainingAppForOptIME.app */ = {isa = PBXFileReference; explicitFileType = wrapper.application; includeInIndex = 0; path = ContainingAppForOptIME.app; sourceTree = BUILT_PRODUCTS_DIR; };
		6E2B790A21A7B81100F6EC2C /* AppDelegate.swift */ = {isa = PBXFileReference; lastKnownFileType = sourcecode.swift; path = AppDelegate.swift; sourceTree = "<group>"; };
		6E2B790C21A7B81100F6EC2C /* ViewController.swift */ = {isa = PBXFileReference; lastKnownFileType = sourcecode.swift; path = ViewController.swift; sourceTree = "<group>"; };
		6E2B790F21A7B81100F6EC2C /* Base */ = {isa = PBXFileReference; lastKnownFileType = file.storyboard; name = Base; path = Base.lproj/Main.storyboard; sourceTree = "<group>"; };
		6E2B791121A7B81100F6EC2C /* Assets.xcassets */ = {isa = PBXFileReference; lastKnownFileType = folder.assetcatalog; path = Assets.xcassets; sourceTree = "<group>"; };
		6E2B791421A7B81100F6EC2C /* Base */ = {isa = PBXFileReference; lastKnownFileType = file.storyboard; name = Base; path = Base.lproj/LaunchScreen.storyboard; sourceTree = "<group>"; };
		6E2B791621A7B81100F6EC2C /* Info.plist */ = {isa = PBXFileReference; lastKnownFileType = text.plist.xml; path = Info.plist; sourceTree = "<group>"; };
		6E2B792221A7BA9A00F6EC2C /* Opt IME.appex */ = {isa = PBXFileReference; explicitFileType = "wrapper.app-extension"; includeInIndex = 0; path = "Opt IME.appex"; sourceTree = BUILT_PRODUCTS_DIR; };
		6E2B792421A7BA9A00F6EC2C /* KeyboardViewController.swift */ = {isa = PBXFileReference; lastKnownFileType = sourcecode.swift; path = KeyboardViewController.swift; sourceTree = "<group>"; };
		6E2B792621A7BA9A00F6EC2C /* Info.plist */ = {isa = PBXFileReference; lastKnownFileType = text.plist.xml; path = Info.plist; sourceTree = "<group>"; };
		6E2B793121A7E55300F6EC2C /* KeyboardView.xib */ = {isa = PBXFileReference; fileEncoding = 4; lastKnownFileType = file.xib; path = KeyboardView.xib; sourceTree = "<group>"; };
		6EF4EADD21AA05F8008C173C /* KeyboardModel.swift */ = {isa = PBXFileReference; fileEncoding = 4; lastKnownFileType = sourcecode.swift; path = KeyboardModel.swift; sourceTree = "<group>"; };
/* End PBXFileReference section */

/* Begin PBXFrameworksBuildPhase section */
		6E2B790421A7B81000F6EC2C /* Frameworks */ = {
			isa = PBXFrameworksBuildPhase;
			buildActionMask = 2147483647;
			files = (
			);
			runOnlyForDeploymentPostprocessing = 0;
		};
		6E2B791F21A7BA9A00F6EC2C /* Frameworks */ = {
			isa = PBXFrameworksBuildPhase;
			buildActionMask = 2147483647;
			files = (
			);
			runOnlyForDeploymentPostprocessing = 0;
		};
/* End PBXFrameworksBuildPhase section */

/* Begin PBXGroup section */
		6E2B78FE21A7B81000F6EC2C = {
			isa = PBXGroup;
			children = (
				6E2B790921A7B81100F6EC2C /* ContainingAppForOptIME */,
				6E2B792321A7BA9A00F6EC2C /* Opt IME */,
				6E2B790821A7B81100F6EC2C /* Products */,
			);
			sourceTree = "<group>";
		};
		6E2B790821A7B81100F6EC2C /* Products */ = {
			isa = PBXGroup;
			children = (
				6E2B790721A7B81100F6EC2C /* ContainingAppForOptIME.app */,
				6E2B792221A7BA9A00F6EC2C /* Opt IME.appex */,
			);
			name = Products;
			sourceTree = "<group>";
		};
		6E2B790921A7B81100F6EC2C /* ContainingAppForOptIME */ = {
			isa = PBXGroup;
			children = (
				6E2B792E21A7BAD900F6EC2C /* supporting files */,
				6E2B790C21A7B81100F6EC2C /* ViewController.swift */,
				6E2B790E21A7B81100F6EC2C /* Main.storyboard */,
			);
			path = ContainingAppForOptIME;
			sourceTree = "<group>";
		};
		6E2B792321A7BA9A00F6EC2C /* Opt IME */ = {
			isa = PBXGroup;
			children = (
				6E2B792421A7BA9A00F6EC2C /* KeyboardViewController.swift */,
				6E2B793121A7E55300F6EC2C /* KeyboardView.xib */,
				6E2B792621A7BA9A00F6EC2C /* Info.plist */,
				6EF4EADD21AA05F8008C173C /* KeyboardModel.swift */,
			);
			path = "Opt IME";
			sourceTree = "<group>";
		};
		6E2B792E21A7BAD900F6EC2C /* supporting files */ = {
			isa = PBXGroup;
			children = (
				6E2B790A21A7B81100F6EC2C /* AppDelegate.swift */,
				6E2B791121A7B81100F6EC2C /* Assets.xcassets */,
				6E2B791321A7B81100F6EC2C /* LaunchScreen.storyboard */,
				6E2B791621A7B81100F6EC2C /* Info.plist */,
			);
			name = "supporting files";
			sourceTree = "<group>";
		};
/* End PBXGroup section */

/* Begin PBXNativeTarget section */
		6E2B790621A7B81000F6EC2C /* ContainingAppForOptIME */ = {
			isa = PBXNativeTarget;
			buildConfigurationList = 6E2B791921A7B81100F6EC2C /* Build configuration list for PBXNativeTarget "ContainingAppForOptIME" */;
			buildPhases = (
				6E2B790321A7B81000F6EC2C /* Sources */,
				6E2B790421A7B81000F6EC2C /* Frameworks */,
				6E2B790521A7B81000F6EC2C /* Resources */,
				6E2B792D21A7BA9A00F6EC2C /* Embed App Extensions */,
			);
			buildRules = (
			);
			dependencies = (
				6E2B792821A7BA9A00F6EC2C /* PBXTargetDependency */,
			);
			name = ContainingAppForOptIME;
			productName = ContainingAppForOptIME;
			productReference = 6E2B790721A7B81100F6EC2C /* ContainingAppForOptIME.app */;
			productType = "com.apple.product-type.application";
		};
		6E2B792121A7BA9A00F6EC2C /* Opt IME */ = {
			isa = PBXNativeTarget;
			buildConfigurationList = 6E2B792A21A7BA9A00F6EC2C /* Build configuration list for PBXNativeTarget "Opt IME" */;
			buildPhases = (
				6E2B791E21A7BA9A00F6EC2C /* Sources */,
				6E2B791F21A7BA9A00F6EC2C /* Frameworks */,
				6E2B792021A7BA9A00F6EC2C /* Resources */,
			);
			buildRules = (
			);
			dependencies = (
			);
			name = "Opt IME";
			productName = "Opt IME";
			productReference = 6E2B792221A7BA9A00F6EC2C /* Opt IME.appex */;
			productType = "com.apple.product-type.app-extension";
		};
/* End PBXNativeTarget section */

/* Begin PBXProject section */
		6E2B78FF21A7B81000F6EC2C /* Project object */ = {
			isa = PBXProject;
			attributes = {
				LastSwiftUpdateCheck = 0820;
				LastUpgradeCheck = 0820;
				ORGANIZATIONNAME = "Page & Deason";
				TargetAttributes = {
					6E2B790621A7B81000F6EC2C = {
						CreatedOnToolsVersion = 8.2.1;
						DevelopmentTeam = J3GDFY2N7F;
						ProvisioningStyle = Automatic;
					};
					6E2B792121A7BA9A00F6EC2C = {
						CreatedOnToolsVersion = 8.2.1;
						ProvisioningStyle = Automatic;
					};
				};
			};
			buildConfigurationList = 6E2B790221A7B81000F6EC2C /* Build configuration list for PBXProject "ContainingAppForOptIME" */;
			compatibilityVersion = "Xcode 3.2";
			developmentRegion = English;
			hasScannedForEncodings = 0;
			knownRegions = (
				en,
				Base,
			);
			mainGroup = 6E2B78FE21A7B81000F6EC2C;
			productRefGroup = 6E2B790821A7B81100F6EC2C /* Products */;
			projectDirPath = "";
			projectRoot = "";
			targets = (
				6E2B790621A7B81000F6EC2C /* ContainingAppForOptIME */,
				6E2B792121A7BA9A00F6EC2C /* Opt IME */,
			);
		};
/* End PBXProject section */

/* Begin PBXResourcesBuildPhase section */
		6E2B790521A7B81000F6EC2C /* Resources */ = {
			isa = PBXResourcesBuildPhase;
			buildActionMask = 2147483647;
			files = (
				6E2B791521A7B81100F6EC2C /* LaunchScreen.storyboard in Resources */,
				6E2B791221A7B81100F6EC2C /* Assets.xcassets in Resources */,
				6E2B791021A7B81100F6EC2C /* Main.storyboard in Resources */,
			);
			runOnlyForDeploymentPostprocessing = 0;
		};
		6E2B792021A7BA9A00F6EC2C /* Resources */ = {
			isa = PBXResourcesBuildPhase;
			buildActionMask = 2147483647;
			files = (
				6E2B793221A7E55300F6EC2C /* KeyboardView.xib in Resources */,
			);
			runOnlyForDeploymentPostprocessing = 0;
		};
/* End PBXResourcesBuildPhase section */

/* Begin PBXSourcesBuildPhase section */
		6E2B790321A7B81000F6EC2C /* Sources */ = {
			isa = PBXSourcesBuildPhase;
			buildActionMask = 2147483647;
			files = (
				6E2B790D21A7B81100F6EC2C /* ViewController.swift in Sources */,
				6E2B790B21A7B81100F6EC2C /* AppDelegate.swift in Sources */,
			);
			runOnlyForDeploymentPostprocessing = 0;
		};
		6E2B791E21A7BA9A00F6EC2C /* Sources */ = {
			isa = PBXSourcesBuildPhase;
			buildActionMask = 2147483647;
			files = (
				6EF4EADE21AA05F8008C173C /* KeyboardModel.swift in Sources */,
				6E2B792521A7BA9A00F6EC2C /* KeyboardViewController.swift in Sources */,
			);
			runOnlyForDeploymentPostprocessing = 0;
		};
/* End PBXSourcesBuildPhase section */

/* Begin PBXTargetDependency section */
		6E2B792821A7BA9A00F6EC2C /* PBXTargetDependency */ = {
			isa = PBXTargetDependency;
			target = 6E2B792121A7BA9A00F6EC2C /* Opt IME */;
			targetProxy = 6E2B792721A7BA9A00F6EC2C /* PBXContainerItemProxy */;
		};
/* End PBXTargetDependency section */

/* Begin PBXVariantGroup section */
		6E2B790E21A7B81100F6EC2C /* Main.storyboard */ = {
			isa = PBXVariantGroup;
			children = (
				6E2B790F21A7B81100F6EC2C /* Base */,
			);
			name = Main.storyboard;
			sourceTree = "<group>";
		};
		6E2B791321A7B81100F6EC2C /* LaunchScreen.storyboard */ = {
			isa = PBXVariantGroup;
			children = (
				6E2B791421A7B81100F6EC2C /* Base */,
			);
			name = LaunchScreen.storyboard;
			sourceTree = "<group>";
		};
/* End PBXVariantGroup section */

/* Begin XCBuildConfiguration section */
		6E2B791721A7B81100F6EC2C /* Debug */ = {
			isa = XCBuildConfiguration;
			buildSettings = {
				ALWAYS_SEARCH_USER_PATHS = NO;
				CLANG_ANALYZER_NONNULL = YES;
				CLANG_CXX_LANGUAGE_STANDARD = "gnu++0x";
				CLANG_CXX_LIBRARY = "libc++";
				CLANG_ENABLE_MODULES = YES;
				CLANG_ENABLE_OBJC_ARC = YES;
				CLANG_WARN_BOOL_CONVERSION = YES;
				CLANG_WARN_CONSTANT_CONVERSION = YES;
				CLANG_WARN_DIRECT_OBJC_ISA_USAGE = YES_ERROR;
				CLANG_WARN_DOCUMENTATION_COMMENTS = YES;
				CLANG_WARN_EMPTY_BODY = YES;
				CLANG_WARN_ENUM_CONVERSION = YES;
				CLANG_WARN_INFINITE_RECURSION = YES;
				CLANG_WARN_INT_CONVERSION = YES;
				CLANG_WARN_OBJC_ROOT_CLASS = YES_ERROR;
				CLANG_WARN_SUSPICIOUS_MOVE = YES;
				CLANG_WARN_UNREACHABLE_CODE = YES;
				CLANG_WARN__DUPLICATE_METHOD_MATCH = YES;
				"CODE_SIGN_IDENTITY[sdk=iphoneos*]" = "iPhone Developer";
				COPY_PHASE_STRIP = NO;
				DEBUG_INFORMATION_FORMAT = dwarf;
				ENABLE_STRICT_OBJC_MSGSEND = YES;
				ENABLE_TESTABILITY = YES;
				GCC_C_LANGUAGE_STANDARD = gnu99;
				GCC_DYNAMIC_NO_PIC = NO;
				GCC_NO_COMMON_BLOCKS = YES;
				GCC_OPTIMIZATION_LEVEL = 0;
				GCC_PREPROCESSOR_DEFINITIONS = (
					"DEBUG=1",
					"$(inherited)",
				);
				GCC_WARN_64_TO_32_BIT_CONVERSION = YES;
				GCC_WARN_ABOUT_RETURN_TYPE = YES_ERROR;
				GCC_WARN_UNDECLARED_SELECTOR = YES;
				GCC_WARN_UNINITIALIZED_AUTOS = YES_AGGRESSIVE;
				GCC_WARN_UNUSED_FUNCTION = YES;
				GCC_WARN_UNUSED_VARIABLE = YES;
				IPHONEOS_DEPLOYMENT_TARGET = 10.2;
				MTL_ENABLE_DEBUG_INFO = YES;
				ONLY_ACTIVE_ARCH = YES;
				SDKROOT = iphoneos;
				SWIFT_ACTIVE_COMPILATION_CONDITIONS = DEBUG;
				SWIFT_OPTIMIZATION_LEVEL = "-Onone";
				TARGETED_DEVICE_FAMILY = "1,2";
			};
			name = Debug;
		};
		6E2B791821A7B81100F6EC2C /* Release */ = {
			isa = XCBuildConfiguration;
			buildSettings = {
				ALWAYS_SEARCH_USER_PATHS = NO;
				CLANG_ANALYZER_NONNULL = YES;
				CLANG_CXX_LANGUAGE_STANDARD = "gnu++0x";
				CLANG_CXX_LIBRARY = "libc++";
				CLANG_ENABLE_MODULES = YES;
				CLANG_ENABLE_OBJC_ARC = YES;
				CLANG_WARN_BOOL_CONVERSION = YES;
				CLANG_WARN_CONSTANT_CONVERSION = YES;
				CLANG_WARN_DIRECT_OBJC_ISA_USAGE = YES_ERROR;
				CLANG_WARN_DOCUMENTATION_COMMENTS = YES;
				CLANG_WARN_EMPTY_BODY = YES;
				CLANG_WARN_ENUM_CONVERSION = YES;
				CLANG_WARN_INFINITE_RECURSION = YES;
				CLANG_WARN_INT_CONVERSION = YES;
				CLANG_WARN_OBJC_ROOT_CLASS = YES_ERROR;
				CLANG_WARN_SUSPICIOUS_MOVE = YES;
				CLANG_WARN_UNREACHABLE_CODE = YES;
				CLANG_WARN__DUPLICATE_METHOD_MATCH = YES;
				"CODE_SIGN_IDENTITY[sdk=iphoneos*]" = "iPhone Developer";
				COPY_PHASE_STRIP = NO;
				DEBUG_INFORMATION_FORMAT = "dwarf-with-dsym";
				ENABLE_NS_ASSERTIONS = NO;
				ENABLE_STRICT_OBJC_MSGSEND = YES;
				GCC_C_LANGUAGE_STANDARD = gnu99;
				GCC_NO_COMMON_BLOCKS = YES;
				GCC_WARN_64_TO_32_BIT_CONVERSION = YES;
				GCC_WARN_ABOUT_RETURN_TYPE = YES_ERROR;
				GCC_WARN_UNDECLARED_SELECTOR = YES;
				GCC_WARN_UNINITIALIZED_AUTOS = YES_AGGRESSIVE;
				GCC_WARN_UNUSED_FUNCTION = YES;
				GCC_WARN_UNUSED_VARIABLE = YES;
				IPHONEOS_DEPLOYMENT_TARGET = 10.2;
				MTL_ENABLE_DEBUG_INFO = NO;
				SDKROOT = iphoneos;
				SWIFT_OPTIMIZATION_LEVEL = "-Owholemodule";
				TARGETED_DEVICE_FAMILY = "1,2";
				VALIDATE_PRODUCT = YES;
			};
			name = Release;
		};
		6E2B791A21A7B81100F6EC2C /* Debug */ = {
			isa = XCBuildConfiguration;
			buildSettings = {
				ALWAYS_EMBED_SWIFT_STANDARD_LIBRARIES = YES;
				ASSETCATALOG_COMPILER_APPICON_NAME = AppIcon;
				DEVELOPMENT_TEAM = J3GDFY2N7F;
				INFOPLIST_FILE = ContainingAppForOptIME/Info.plist;
				LD_RUNPATH_SEARCH_PATHS = "$(inherited) @executable_path/Frameworks";
				PRODUCT_BUNDLE_IDENTIFIER = com.pageanddeason.www.ContainingAppForOptIME;
				PRODUCT_NAME = "$(TARGET_NAME)";
				SWIFT_VERSION = 3.0;
			};
			name = Debug;
		};
		6E2B791B21A7B81100F6EC2C /* Release */ = {
			isa = XCBuildConfiguration;
			buildSettings = {
				ALWAYS_EMBED_SWIFT_STANDARD_LIBRARIES = YES;
				ASSETCATALOG_COMPILER_APPICON_NAME = AppIcon;
				DEVELOPMENT_TEAM = J3GDFY2N7F;
				INFOPLIST_FILE = ContainingAppForOptIME/Info.plist;
				LD_RUNPATH_SEARCH_PATHS = "$(inherited) @executable_path/Frameworks";
				PRODUCT_BUNDLE_IDENTIFIER = com.pageanddeason.www.ContainingAppForOptIME;
				PRODUCT_NAME = "$(TARGET_NAME)";
				SWIFT_VERSION = 3.0;
			};
			name = Release;
		};
		6E2B792B21A7BA9A00F6EC2C /* Debug */ = {
			isa = XCBuildConfiguration;
			buildSettings = {
				INFOPLIST_FILE = "Opt IME/Info.plist";
				LD_RUNPATH_SEARCH_PATHS = "$(inherited) @executable_path/Frameworks @executable_path/../../Frameworks";
				PRODUCT_BUNDLE_IDENTIFIER = "com.pageanddeason.www.ContainingAppForOptIME.Opt-IME";
				PRODUCT_NAME = "$(TARGET_NAME)";
				SKIP_INSTALL = YES;
				SWIFT_VERSION = 3.0;
			};
			name = Debug;
		};
		6E2B792C21A7BA9A00F6EC2C /* Release */ = {
			isa = XCBuildConfiguration;
			buildSettings = {
				INFOPLIST_FILE = "Opt IME/Info.plist";
				LD_RUNPATH_SEARCH_PATHS = "$(inherited) @executable_path/Frameworks @executable_path/../../Frameworks";
				PRODUCT_BUNDLE_IDENTIFIER = "com.pageanddeason.www.ContainingAppForOptIME.Opt-IME";
				PRODUCT_NAME = "$(TARGET_NAME)";
				SKIP_INSTALL = YES;
				SWIFT_VERSION = 3.0;
			};
			name = Release;
		};
/* End XCBuildConfiguration section */

/* Begin XCConfigurationList section */
		6E2B790221A7B81000F6EC2C /* Build configuration list for PBXProject "ContainingAppForOptIME" */ = {
			isa = XCConfigurationList;
			buildConfigurations = (
				6E2B791721A7B81100F6EC2C /* Debug */,
				6E2B791821A7B81100F6EC2C /* Release */,
			);
			defaultConfigurationIsVisible = 0;
			defaultConfigurationName = Release;
		};
		6E2B791921A7B81100F6EC2C /* Build configuration list for PBXNativeTarget "ContainingAppForOptIME" */ = {
			isa = XCConfigurationList;
			buildConfigurations = (
				6E2B791A21A7B81100F6EC2C /* Debug */,
				6E2B791B21A7B81100F6EC2C /* Release */,
			);
			defaultConfigurationIsVisible = 0;
			defaultConfigurationName = Release;
		};
		6E2B792A21A7BA9A00F6EC2C /* Build configuration list for PBXNativeTarget "Opt IME" */ = {
			isa = XCConfigurationList;
			buildConfigurations = (
				6E2B792B21A7BA9A00F6EC2C /* Debug */,
				6E2B792C21A7BA9A00F6EC2C /* Release */,
			);
			defaultConfigurationIsVisible = 0;
			defaultConfigurationName = Release;
		};
/* End XCConfigurationList section */
	};
	rootObject = 6E2B78FF21A7B81000F6EC2C /* Project object */;
}
